# This file is autogenerated, do not edit; changes may be undone by the next 'dep ensure'.


[[projects]]
  digest = "1:40f5d6859cf92ff90f09584bce2d9e28e8d291958ce022880287acd66691dc59"
  name = "github.com/DataDog/datadog-go"
  packages = ["statsd"]
  pruneopts = "UT"
  revision = "aa3e05b5449fbfe21a490dadb9f7a974657c542d"
  version = "v3.4.0"

[solve-meta]
  analyzer-name = "dep"
  analyzer-version = 1
  input-imports = ["github.com/DataDog/datadog-go/statsd"]
  solver-name = "gps-cdcl"
  solver-version = 1
